{
  "name": "mediaviewer",
  "version": "1.0.0",
  "lockfileVersion": 3,
  "requires": true,
  "packages": {
    "": {
      "name": "mediaviewer",
      "version": "1.0.0",
      "license": "MIT",
      "dependencies": {
        "@popperjs/core": "^2.11.8",
        "bootstrap": "^5.3.3",
        "bootstrap-icons": "^1.11.3",
        "datatables.net-bs5": "^2.0.2",
        "datatables.net-buttons-bs5": "^2.4.1",
        "datatables.net-scroller-bs5": "^2.4.1",
        "jquery": "^3.7.1",
        "jquery-migrate": "^3.5.2",
        "jquery.shorten": "^1.0.0",
        "slick-carousel": "^1.8.1"
      }
    },
    "node_modules/@popperjs/core": {
      "version": "2.11.8",
      "resolved": "https://registry.npmjs.org/@popperjs/core/-/core-2.11.8.tgz",
      "integrity": "sha512-P1st0aksCrn9sGZhp8GMYwBnQsbvAWsZAX44oXNNvLHGqAOcoVxmjZiohstwQ7SqKnbR47akdNi+uleWD8+g6A==",
      "license": "MIT",
      "funding": {
        "type": "opencollective",
        "url": "https://opencollective.com/popperjs"
      }
    },
    "node_modules/bootstrap": {
      "version": "5.3.8",
      "resolved": "https://registry.npmjs.org/bootstrap/-/bootstrap-5.3.8.tgz",
      "integrity": "sha512-HP1SZDqaLDPwsNiqRqi5NcP0SSXciX2s9E+RyqJIIqGo+vJeN5AJVM98CXmW/Wux0nQ5L7jeWUdplCEf0Ee+tg==",
      "funding": [
        {
          "type": "github",
          "url": "https://github.com/sponsors/twbs"
        },
        {
          "type": "opencollective",
          "url": "https://opencollective.com/bootstrap"
        }
      ],
      "license": "MIT",
      "peerDependencies": {
        "@popperjs/core": "^2.11.8"
      }
    },
    "node_modules/bootstrap-icons": {
      "version": "1.13.1",
      "resolved": "https://registry.npmjs.org/bootstrap-icons/-/bootstrap-icons-1.13.1.tgz",
      "integrity": "sha512-ijombt4v6bv5CLeXvRWKy7CuM3TRTuPEuGaGKvTV5cz65rQSY8RQ2JcHt6b90cBBAC7s8fsf2EkQDldzCoXUjw==",
      "funding": [
        {
          "type": "github",
          "url": "https://github.com/sponsors/twbs"
        },
        {
          "type": "opencollective",
          "url": "https://opencollective.com/bootstrap"
        }
      ],
      "license": "MIT"
    },
    "node_modules/datatables.net": {
      "version": "2.3.7",
      "resolved": "https://registry.npmjs.org/datatables.net/-/datatables.net-2.3.7.tgz",
      "integrity": "sha512-AvsjG/Nkp6OxeyBKYZauemuzQCPogE1kOtKwG4sYjvdqGCSLiGaJagQwXv4YxG+ts5vaJr6qKGG9ec3g6vTo3w==",
      "license": "MIT",
      "dependencies": {
        "jquery": ">=1.7"
      }
    },
    "node_modules/datatables.net-bs5": {
      "version": "2.3.7",
      "resolved": "https://registry.npmjs.org/datatables.net-bs5/-/datatables.net-bs5-2.3.7.tgz",
      "integrity": "sha512-RiCEMpMXDBeMDwjSrMpmcXDU6mibRMuOn7Wk7k3SlOfLEY3FQHO7S2m+K7teXYeaNlCLyjJMU+6BUUwlBCpLFw==",
      "license": "MIT",
      "dependencies": {
        "datatables.net": "2.3.7",
        "jquery": ">=1.7"
      }
    },
    "node_modules/datatables.net-buttons": {
      "version": "2.4.3",
      "resolved": "https://registry.npmjs.org/datatables.net-buttons/-/datatables.net-buttons-2.4.3.tgz",
      "integrity": "sha512-xoHD6I2kxnU/CEp97Ar0lSnAL1siucQ/5Q/otGWWfWE2VN0o4n5C2h2Ot/ZCS8kxbEHBGd873Bc2xPdJH87yOw==",
      "license": "MIT",
      "dependencies": {
        "datatables.net": "^1.13.0",
        "jquery": ">=1.7"
      }
    },
    "node_modules/datatables.net-buttons-bs5": {
      "version": "2.4.3",
      "resolved": "https://registry.npmjs.org/datatables.net-buttons-bs5/-/datatables.net-buttons-bs5-2.4.3.tgz",
      "integrity": "sha512-osgIyqTTXRWOF+vh19GM0ixB4kqmtQTiYmcO3v2Ca+bwUpfasI+ylEyMrHqqiON77zA+FmPTuUVHUZTJIIJWUg==",
      "license": "MIT",
      "dependencies": {
        "datatables.net-bs5": "^1.13.0",
        "datatables.net-buttons": "2.4.3",
        "jquery": ">=1.7"
      }
    },
    "node_modules/datatables.net-buttons-bs5/node_modules/datatables.net": {
      "version": "1.13.11",
      "resolved": "https://registry.npmjs.org/datatables.net/-/datatables.net-1.13.11.tgz",
      "integrity": "sha512-AE6RkMXziRaqzPcu/pl3SJXeRa6fmXQG/fVjuRESujvkzqDCYEeKTTpPMuVJSGYJpPi32WGSphVNNY1G4nSN/g==",
      "license": "MIT",
      "dependencies": {
        "jquery": "1.8 - 4"
      }
    },
    "node_modules/datatables.net-buttons-bs5/node_modules/datatables.net-bs5": {
      "version": "1.13.11",
      "resolved": "https://registry.npmjs.org/datatables.net-bs5/-/datatables.net-bs5-1.13.11.tgz",
      "integrity": "sha512-NQO15TjXo4xvZ0jReC4Uf86ezbQzPQPdaN2YncrCPhzQ6fx+2WD7DUq4ur0HbAcYHo94/M+MtD5Ch29To7Rj3Q==",
      "license": "MIT",
      "dependencies": {
        "datatables.net": "1.13.11",
        "jquery": "1.8 - 4"
      }
    },
    "node_modules/datatables.net-buttons/node_modules/datatables.net": {
      "version": "1.13.11",
      "resolved": "https://registry.npmjs.org/datatables.net/-/datatables.net-1.13.11.tgz",
      "integrity": "sha512-AE6RkMXziRaqzPcu/pl3SJXeRa6fmXQG/fVjuRESujvkzqDCYEeKTTpPMuVJSGYJpPi32WGSphVNNY1G4nSN/g==",
      "license": "MIT",
      "dependencies": {
        "jquery": "1.8 - 4"
      }
    },
    "node_modules/datatables.net-scroller": {
      "version": "2.4.3",
      "resolved": "https://registry.npmjs.org/datatables.net-scroller/-/datatables.net-scroller-2.4.3.tgz",
      "integrity": "sha512-ce6Qa7ObGQmLJYvm6eMglf54L+01/Omn3N1pw7SiQjGYv8AKRRp1ex+U0NWmx3QaWp0iEeTnBaM4G6ay4juYZg==",
      "license": "MIT",
      "dependencies": {
        "datatables.net": "1.11 - 2",
        "jquery": ">=1.7"
      }
    },
    "node_modules/datatables.net-scroller-bs5": {
      "version": "2.4.3",
      "resolved": "https://registry.npmjs.org/datatables.net-scroller-bs5/-/datatables.net-scroller-bs5-2.4.3.tgz",
      "integrity": "sha512-Dcg0dlp6XHw7MvnohbygY3fc2KxBGVPFveAlo2oXXKUTzXbiO3hWBvwnk5wKK9Bz5QP47XqqiImtui5ZprOcSg==",
      "license": "MIT",
      "dependencies": {
        "datatables.net-bs5": "1.11 - 2",
        "datatables.net-scroller": "2.4.3",
        "jquery": ">=1.7"
      }
    },
    "node_modules/jquery": {
      "version": "3.7.1",
      "resolved": "https://registry.npmjs.org/jquery/-/jquery-3.7.1.tgz",
      "integrity": "sha512-m4avr8yL8kmFN8psrbFFFmB/If14iN5o9nw/NgnnM+kybDJpRsAynV2BsfpTYrTRysYUdADVD7CkUUizgkpLfg==",
      "license": "MIT"
    },
    "node_modules/jquery-migrate": {
      "version": "3.6.0",
      "resolved": "https://registry.npmjs.org/jquery-migrate/-/jquery-migrate-3.6.0.tgz",
      "integrity": "sha512-2k3GMQXXEellCOkj8tczgCd/Y0KMm7LErz4rE6CkHIZV1JTUDlgs7XFN+GpwGKXDQtw/HsjtJuE+CS8IfEOnPg==",
      "license": "MIT",
      "peerDependencies": {
        "jquery": ">=3 <4"
      }
    },
    "node_modules/jquery.shorten": {
      "version": "1.0.0",
      "resolved": "https://registry.npmjs.org/jquery.shorten/-/jquery.shorten-1.0.0.tgz",
      "integrity": "sha512-49rJlpcyVI/Y2eQRwSexyz6l+fwTKfurO0XttXK4XnG9eQxIuE2Fb4rwNqnsnzStJ8M7ynlhH31fWE9P70B9rg==",
      "license": "MIT"
    },
    "node_modules/slick-carousel": {
      "version": "1.8.1",
      "resolved": "https://registry.npmjs.org/slick-carousel/-/slick-carousel-1.8.1.tgz",
      "integrity": "sha512-XB9Ftrf2EEKfzoQXt3Nitrt/IPbT+f1fgqBdoxO3W/+JYvtEOW6EgxnWfr9GH6nmULv7Y2tPmEX3koxThVmebA==",
      "license": "MIT",
      "peerDependencies": {
        "jquery": ">=1.8.0"
      }
    }
  }
}
